
Microsoft Visual Studio Solution File, Format Version 12.00
# Visual Studio Version 17
VisualStudioVersion = 17.3.32901.215
MinimumVisualStudioVersion = 10.0.40219.1
Project("{FAE04EC0-301F-11D3-BF4B-00C04F79EFBC}") = "mvp-app", "mvp-app\mvp-app.csproj", "{9922896C-1DE0-48D2-BA43-78679B498A00}"
EndProject
Global
	GlobalSection(SolutionConfigurationPlatforms) = preSolution
		Debug|Any CPU = Debug|Any CPU
		Release|Any CPU = Release|Any CPU
	EndGlobalSection
	GlobalSection(ProjectConfigurationPlatforms) = postSolution
		{9922896C-1DE0-48D2-BA43-78679B498A00}.Debug|Any CPU.ActiveCfg = Debug|Any CPU
		{9922896C-1DE0-48D2-BA43-78679B498A00}.Debug|Any CPU.Build.0 = Debug|Any CPU
		{9922896C-1DE0-48D2-BA43-78679B498A00}.Release|Any CPU.ActiveCfg = Release|Any CPU
		{9922896C-1DE0-48D2-BA43-78679B498A00}.Release|Any CPU.Build.0 = Release|Any CPU
	EndGlobalSection
	GlobalSection(SolutionProperties) = preSolution
		HideSolutionNode = FALSE
	EndGlobalSection
	GlobalSection(ExtensibilityGlobals) = postSolution
		SolutionGuid = {FF1E0E2C-C04D-4A67-B544-556FC70915A7}
	EndGlobalSection
EndGlobal
